
Microsoft Visual Studio Solution File, Format Version 12.00
# Visual Studio Version 17
VisualStudioVersion = 17.12.35527.113 d17.12
MinimumVisualStudioVersion = 10.0.40219.1
Project("{8BC9CEB8-8B4A-11D0-8D11-00A0C91BC942}") = "C-字符数组strnpy", "C-字符数组strnpy\C-字符数组strnpy.vcxproj", "{88A4663A-3400-4233-9D3C-08E535F26503}"
EndProject
Global
	GlobalSection(SolutionConfigurationPlatforms) = preSolution
		Debug|x64 = Debug|x64
		Debug|x86 = Debug|x86
		Release|x64 = Release|x64
		Release|x86 = Release|x86
	EndGlobalSection
	GlobalSection(ProjectConfigurationPlatforms) = postSolution
		{88A4663A-3400-4233-9D3C-08E535F26503}.Debug|x64.ActiveCfg = Debug|x64
		{88A4663A-3400-4233-9D3C-08E535F26503}.Debug|x64.Build.0 = Debug|x64
		{88A4663A-3400-4233-9D3C-08E535F26503}.Debug|x86.ActiveCfg = Debug|Win32
		{88A4663A-3400-4233-9D3C-08E535F26503}.Debug|x86.Build.0 = Debug|Win32
		{88A4663A-3400-4233-9D3C-08E535F26503}.Release|x64.ActiveCfg = Release|x64
		{88A4663A-3400-4233-9D3C-08E535F26503}.Release|x64.Build.0 = Release|x64
		{88A4663A-3400-4233-9D3C-08E535F26503}.Release|x86.ActiveCfg = Release|Win32
		{88A4663A-3400-4233-9D3C-08E535F26503}.Release|x86.Build.0 = Release|Win32
	EndGlobalSection
	GlobalSection(SolutionProperties) = preSolution
		HideSolutionNode = FALSE
	EndGlobalSection
EndGlobal
